lockfileVersion: '9.0'

settings:
  autoInstallPeers: true
  excludeLinksFromLockfile: false

importers:

  .:
    dependencies:
      cookie:
        specifier: ^0.7.2
        version: 0.7.2
      gpt3-tokenizer:
        specifier: ^1.1.5
        version: 1.1.5
      zod:
        specifier: ^3.23.8
        version: 3.23.8
    devDependencies:
      '@types/cookie':
        specifier: ^0.6.0
        version: 0.6.0
      '@types/node':
        specifier: ^22.7.6
        version: 22.7.6

packages:

  '@types/cookie@0.6.0':
    resolution: {integrity: sha512-4Kh9a6B2bQciAhf7FSuMRRkUWecJgJu9nPnx3yzpsfXX/c50REIqpHY4C82bXP90qrLtXtkDxTZosYO3UpOwlA==}

  '@types/node@22.7.6':
    resolution: {integrity: sha512-/d7Rnj0/ExXDMcioS78/kf1lMzYk4BZV8MZGTBKzTGZ6/406ukkbYlIsZmMPhcR5KlkunDHQLrtAVmSq7r+mSw==}

  array-keyed-map@2.1.3:
    resolution: {integrity: sha512-JIUwuFakO+jHjxyp4YgSiKXSZeC0U+R1jR94bXWBcVlFRBycqXlb+kH9JHxBGcxnVuSqx5bnn0Qz9xtSeKOjiA==}

  cookie@0.7.2:
    resolution: {integrity: sha512-yki5XnKuf750l50uGTllt6kKILY4nQ1eNIQatoXEByZ5dWgnKqbnqmTrBE5B4N7lrMJKQ2ytWMiTO2o0v6Ew/w==}
    engines: {node: '>= 0.6'}

  gpt3-tokenizer@1.1.5:
    resolution: {integrity: sha512-O9iCL8MqGR0Oe9wTh0YftzIbysypNQmS5a5JG3cB3M4LMYjlAVvNnf8LUzVY9MrI7tj+YLY356uHtO2lLX2HpA==}
    engines: {node: '>=12'}

  undici-types@6.19.8:
    resolution: {integrity: sha512-ve2KP6f/JnbPBFyobGHuerC9g1FYGn/F8n1LWTwNxCEzd6IfqTwUQcNXgEtmmQ6DlRrC1hrSrBnCZPokRrDHjw==}

  zod@3.23.8:
    resolution: {integrity: sha512-XBx9AXhXktjUqnepgTiE5flcKIYWi/rme0Eaj+5Y0lftuGBq+jyRu/md4WnuxqgP1ubdpNCsYEYPxrzVHD8d6g==}

snapshots:

  '@types/cookie@0.6.0': {}

  '@types/node@22.7.6':
    dependencies:
      undici-types: 6.19.8

  array-keyed-map@2.1.3: {}

  cookie@0.7.2: {}

  gpt3-tokenizer@1.1.5:
    dependencies:
      array-keyed-map: 2.1.3

  undici-types@6.19.8: {}

  zod@3.23.8: {}
