lockfileVersion: '9.0'

settings:
  autoInstallPeers: true
  excludeLinksFromLockfile: false

importers:

  .:
    dependencies:
      cookie:
        specifier: ^1.1.1
        version: 1.1.1
      gpt3-tokenizer:
        specifier: ^1.1.5
        version: 1.1.5
      zod:
        specifier: ^4.3.5
        version: 4.3.5
    devDependencies:
      '@types/node':
        specifier: ^24.10.4
        version: 24.10.4

packages:

  '@types/node@24.10.4':
    resolution: {integrity: sha512-vnDVpYPMzs4wunl27jHrfmwojOGKya0xyM3sH+UE5iv5uPS6vX7UIoh6m+vQc5LGBq52HBKPIn/zcSZVzeDEZg==}

  array-keyed-map@2.1.3:
    resolution: {integrity: sha512-JIUwuFakO+jHjxyp4YgSiKXSZeC0U+R1jR94bXWBcVlFRBycqXlb+kH9JHxBGcxnVuSqx5bnn0Qz9xtSeKOjiA==}

  cookie@1.1.1:
    resolution: {integrity: sha512-ei8Aos7ja0weRpFzJnEA9UHJ/7XQmqglbRwnf2ATjcB9Wq874VKH9kfjjirM6UhU2/E5fFYadylyhFldcqSidQ==}
    engines: {node: '>=18'}

  gpt3-tokenizer@1.1.5:
    resolution: {integrity: sha512-O9iCL8MqGR0Oe9wTh0YftzIbysypNQmS5a5JG3cB3M4LMYjlAVvNnf8LUzVY9MrI7tj+YLY356uHtO2lLX2HpA==}
    engines: {node: '>=12'}

  undici-types@7.16.0:
    resolution: {integrity: sha512-Zz+aZWSj8LE6zoxD+xrjh4VfkIG8Ya6LvYkZqtUQGJPZjYl53ypCaUwWqo7eI0x66KBGeRo+mlBEkMSeSZ38Nw==}

  zod@4.3.5:
    resolution: {integrity: sha512-k7Nwx6vuWx1IJ9Bjuf4Zt1PEllcwe7cls3VNzm4CQ1/hgtFUK2bRNG3rvnpPUhFjmqJKAKtjV576KnUkHocg/g==}

snapshots:

  '@types/node@24.10.4':
    dependencies:
      undici-types: 7.16.0

  array-keyed-map@2.1.3: {}

  cookie@1.1.1: {}

  gpt3-tokenizer@1.1.5:
    dependencies:
      array-keyed-map: 2.1.3

  undici-types@7.16.0: {}

  zod@4.3.5: {}
